// !$*UTF8*$!
{
	archiveVersion = 1;
	classes = {
	};
	objectVersion = 46;
	objects = {

/* Begin PBXBuildFile section */
		AAF5127F19B606F10042047E /* main.c in Sources */ = {isa = PBXBuildFile; fileRef = AAF5127E19B606F10042047E /* main.c */; };
		AAF5128119B606F10042047E /* fizzbuzz.1 in CopyFiles */ = {isa = PBXBuildFile; fileRef = AAF5128019B606F10042047E /* fizzbuzz.1 */; };
/* End PBXBuildFile section */

/* Begin PBXCopyFilesBuildPhase section */
		AAF5127919B606F10042047E /* CopyFiles */ = {
			isa = PBXCopyFilesBuildPhase;
			buildActionMask = 2147483647;
			dstPath = /usr/share/man/man1/;
			dstSubfolderSpec = 0;
			files = (
				AAF5128119B606F10042047E /* fizzbuzz.1 in CopyFiles */,
			);
			runOnlyForDeploymentPostprocessing = 1;
		};
/* End PBXCopyFilesBuildPhase section */

/* Begin PBXFileReference section */
		AAF5127B19B606F10042047E /* fizzbuzz */ = {isa = PBXFileReference; explicitFileType = "compiled.mach-o.executable"; includeInIndex = 0; path = fizzbuzz; sourceTree = BUILT_PRODUCTS_DIR; };
		AAF5127E19B606F10042047E /* main.c */ = {isa = PBXFileReference; lastKnownFileType = sourcecode.c.c; path = main.c; sourceTree = "<group>"; };
		AAF5128019B606F10042047E /* fizzbuzz.1 */ = {isa = PBXFileReference; lastKnownFileType = text.man; path = fizzbuzz.1; sourceTree = "<group>"; };
/* End PBXFileReference section */

/* Begin PBXFrameworksBuildPhase section */
		AAF5127819B606F10042047E /* Frameworks */ = {
			isa = PBXFrameworksBuildPhase;
			buildActionMask = 2147483647;
			files = (
			);
			runOnlyForDeploymentPostprocessing = 0;
		};
/* End PBXFrameworksBuildPhase section */

/* Begin PBXGroup section */
		AAF5127219B606F10042047E = {
			isa = PBXGroup;
			children = (
				AAF5127D19B606F10042047E /* fizzbuzz */,
				AAF5127C19B606F10042047E /* Products */,
			);
			sourceTree = "<group>";
		};
		AAF5127C19B606F10042047E /* Products */ = {
			isa = PBXGroup;
			children = (
				AAF5127B19B606F10042047E /* fizzbuzz */,
			);
			name = Products;
			sourceTree = "<group>";
		};
		AAF5127D19B606F10042047E /* fizzbuzz */ = {
			isa = PBXGroup;
			children = (
				AAF5127E19B606F10042047E /* main.c */,
				AAF5128019B606F10042047E /* fizzbuzz.1 */,
			);
			path = fizzbuzz;
			sourceTree = "<group>";
		};
/* End PBXGroup section */

/* Begin PBXNativeTarget section */
		AAF5127A19B606F10042047E /* fizzbuzz */ = {
			isa = PBXNativeTarget;
			buildConfigurationList = AAF5128419B606F10042047E /* Build configuration list for PBXNativeTarget "fizzbuzz" */;
			buildPhases = (
				AAF5127719B606F10042047E /* Sources */,
				AAF5127819B606F10042047E /* Frameworks */,
				AAF5127919B606F10042047E /* CopyFiles */,
			);
			buildRules = (
			);
			dependencies = (
			);
			name = fizzbuzz;
			productName = fizzbuzz;
			productReference = AAF5127B19B606F10042047E /* fizzbuzz */;
			productType = "com.apple.product-type.tool";
		};
/* End PBXNativeTarget section */

/* Begin PBXProject section */
		AAF5127319B606F10042047E /* Project object */ = {
			isa = PBXProject;
			attributes = {
				LastUpgradeCheck = 0500;
				ORGANIZATIONNAME = NM;
			};
			buildConfigurationList = AAF5127619B606F10042047E /* Build configuration list for PBXProject "fizzbuzz" */;
			compatibilityVersion = "Xcode 3.2";
			developmentRegion = English;
			hasScannedForEncodings = 0;
			knownRegions = (
				en,
			);
			mainGroup = AAF5127219B606F10042047E;
			productRefGroup = AAF5127C19B606F10042047E /* Products */;
			projectDirPath = "";
			projectRoot = "";
			targets = (
				AAF5127A19B606F10042047E /* fizzbuzz */,
			);
		};
/* End PBXProject section */

/* Begin PBXSourcesBuildPhase section */
		AAF5127719B606F10042047E /* Sources */ = {
			isa = PBXSourcesBuildPhase;
			buildActionMask = 2147483647;
			files = (
				AAF5127F19B606F10042047E /* main.c in Sources */,
			);
			runOnlyForDeploymentPostprocessing = 0;
		};
/* End PBXSourcesBuildPhase section */

/* Begin XCBuildConfiguration section */
		AAF5128219B606F10042047E /* Debug */ = {
			isa = XCBuildConfiguration;
			buildSettings = {
				ALWAYS_SEARCH_USER_PATHS = NO;
				CLANG_CXX_LANGUAGE_STANDARD = "gnu++0x";
				CLANG_CXX_LIBRARY = "libc++";
				CLANG_ENABLE_OBJC_ARC = YES;
				CLANG_WARN_BOOL_CONVERSION = YES;
				CLANG_WARN_CONSTANT_CONVERSION = YES;
				CLANG_WARN_DIRECT_OBJC_ISA_USAGE = YES_ERROR;
				CLANG_WARN_EMPTY_BODY = YES;
				CLANG_WARN_ENUM_CONVERSION = YES;
				CLANG_WARN_INT_CONVERSION = YES;
				CLANG_WARN_OBJC_ROOT_CLASS = YES_ERROR;
				CLANG_WARN__DUPLICATE_METHOD_MATCH = YES;
				COPY_PHASE_STRIP = NO;
				GCC_C_LANGUAGE_STANDARD = gnu99;
				GCC_DYNAMIC_NO_PIC = NO;
				GCC_ENABLE_OBJC_EXCEPTIONS = YES;
				GCC_OPTIMIZATION_LEVEL = 0;
				GCC_PREPROCESSOR_DEFINITIONS = (
					"DEBUG=1",
					"$(inherited)",
				);
				GCC_SYMBOLS_PRIVATE_EXTERN = NO;
				GCC_WARN_64_TO_32_BIT_CONVERSION = YES;
				GCC_WARN_ABOUT_RETURN_TYPE = YES_ERROR;
				GCC_WARN_UNDECLARED_SELECTOR = YES;
				GCC_WARN_UNINITIALIZED_AUTOS = YES;
				GCC_WARN_UNUSED_FUNCTION = YES;
				GCC_WARN_UNUSED_VARIABLE = YES;
				MACOSX_DEPLOYMENT_TARGET = 10.8;
				ONLY_ACTIVE_ARCH = YES;
				SDKROOT = macosx;
			};
			name = Debug;
		};
		AAF5128319B606F10042047E /* Release */ = {
			isa = XCBuildConfiguration;
			buildSettings = {
				ALWAYS_SEARCH_USER_PATHS = NO;
				CLANG_CXX_LANGUAGE_STANDARD = "gnu++0x";
				CLANG_CXX_LIBRARY = "libc++";
				CLANG_ENABLE_OBJC_ARC = YES;
				CLANG_WARN_BOOL_CONVERSION = YES;
				CLANG_WARN_CONSTANT_CONVERSION = YES;
				CLANG_WARN_DIRECT_OBJC_ISA_USAGE = YES_ERROR;
				CLANG_WARN_EMPTY_BODY = YES;
				CLANG_WARN_ENUM_CONVERSION = YES;
				CLANG_WARN_INT_CONVERSION = YES;
				CLANG_WARN_OBJC_ROOT_CLASS = YES_ERROR;
				CLANG_WARN__DUPLICATE_METHOD_MATCH = YES;
				COPY_PHASE_STRIP = YES;
				DEBUG_INFORMATION_FORMAT = "dwarf-with-dsym";
				ENABLE_NS_ASSERTIONS = NO;
				GCC_C_LANGUAGE_STANDARD = gnu99;
				GCC_ENABLE_OBJC_EXCEPTIONS = YES;
				GCC_WARN_64_TO_32_BIT_CONVERSION = YES;
				GCC_WARN_ABOUT_RETURN_TYPE = YES_ERROR;
				GCC_WARN_UNDECLARED_SELECTOR = YES;
				GCC_WARN_UNINITIALIZED_AUTOS = YES;
				GCC_WARN_UNUSED_FUNCTION = YES;
				GCC_WARN_UNUSED_VARIABLE = YES;
				MACOSX_DEPLOYMENT_TARGET = 10.8;
				SDKROOT = macosx;
			};
			name = Release;
		};
		AAF5128519B606F10042047E /* Debug */ = {
			isa = XCBuildConfiguration;
			buildSettings = {
				PRODUCT_NAME = "$(TARGET_NAME)";
			};
			name = Debug;
		};
		AAF5128619B606F10042047E /* Release */ = {
			isa = XCBuildConfiguration;
			buildSettings = {
				PRODUCT_NAME = "$(TARGET_NAME)";
			};
			name = Release;
		};
/* End XCBuildConfiguration section */

/* Begin XCConfigurationList section */
		AAF5127619B606F10042047E /* Build configuration list for PBXProject "fizzbuzz" */ = {
			isa = XCConfigurationList;
			buildConfigurations = (
				AAF5128219B606F10042047E /* Debug */,
				AAF5128319B606F10042047E /* Release */,
			);
			defaultConfigurationIsVisible = 0;
			defaultConfigurationName = Release;
		};
		AAF5128419B606F10042047E /* Build configuration list for PBXNativeTarget "fizzbuzz" */ = {
			isa = XCConfigurationList;
			buildConfigurations = (
				AAF5128519B606F10042047E /* Debug */,
				AAF5128619B606F10042047E /* Release */,
			);
			defaultConfigurationIsVisible = 0;
		};
/* End XCConfigurationList section */
	};
	rootObject = AAF5127319B606F10042047E /* Project object */;
}
