// !$*UTF8*$!
{
	archiveVersion = 1;
	classes = {
	};
	objectVersion = 46;
	objects = {

/* Begin PBXBuildFile section */
		D97E60FE1B7923F50057FA02 /* main.m in Sources */ = {isa = PBXBuildFile; fileRef = D97E60FD1B7923F50057FA02 /* main.m */; };
		D97E61061B7929F80057FA02 /* ObjectiveCPracticeAlgoManager.m in Sources */ = {isa = PBXBuildFile; fileRef = D97E61051B7929F80057FA02 /* ObjectiveCPracticeAlgoManager.m */; };
/* End PBXBuildFile section */

/* Begin PBXCopyFilesBuildPhase section */
		D97E60F81B7923F50057FA02 /* CopyFiles */ = {
			isa = PBXCopyFilesBuildPhase;
			buildActionMask = 2147483647;
			dstPath = /usr/share/man/man1/;
			dstSubfolderSpec = 0;
			files = (
			);
			runOnlyForDeploymentPostprocessing = 1;
		};
/* End PBXCopyFilesBuildPhase section */

/* Begin PBXFileReference section */
		D97E60FA1B7923F50057FA02 /* ObjetiveCPracticeAlgorithms */ = {isa = PBXFileReference; explicitFileType = "compiled.mach-o.executable"; includeInIndex = 0; path = ObjetiveCPracticeAlgorithms; sourceTree = BUILT_PRODUCTS_DIR; };
		D97E60FD1B7923F50057FA02 /* main.m */ = {isa = PBXFileReference; lastKnownFileType = sourcecode.c.objc; path = main.m; sourceTree = "<group>"; };
		D97E61041B7929F80057FA02 /* ObjectiveCPracticeAlgoManager.h */ = {isa = PBXFileReference; fileEncoding = 4; lastKnownFileType = sourcecode.c.h; path = ObjectiveCPracticeAlgoManager.h; sourceTree = "<group>"; };
		D97E61051B7929F80057FA02 /* ObjectiveCPracticeAlgoManager.m */ = {isa = PBXFileReference; fileEncoding = 4; lastKnownFileType = sourcecode.c.objc; path = ObjectiveCPracticeAlgoManager.m; sourceTree = "<group>"; };
/* End PBXFileReference section */

/* Begin PBXFrameworksBuildPhase section */
		D97E60F71B7923F50057FA02 /* Frameworks */ = {
			isa = PBXFrameworksBuildPhase;
			buildActionMask = 2147483647;
			files = (
			);
			runOnlyForDeploymentPostprocessing = 0;
		};
/* End PBXFrameworksBuildPhase section */

/* Begin PBXGroup section */
		D97E60F11B7923F50057FA02 = {
			isa = PBXGroup;
			children = (
				D97E60FC1B7923F50057FA02 /* Practice */,
				D97E60FB1B7923F50057FA02 /* Products */,
			);
			sourceTree = "<group>";
		};
		D97E60FB1B7923F50057FA02 /* Products */ = {
			isa = PBXGroup;
			children = (
				D97E60FA1B7923F50057FA02 /* ObjetiveCPracticeAlgorithms */,
			);
			name = Products;
			sourceTree = "<group>";
		};
		D97E60FC1B7923F50057FA02 /* Practice */ = {
			isa = PBXGroup;
			children = (
				D97E60FD1B7923F50057FA02 /* main.m */,
				D97E61041B7929F80057FA02 /* ObjectiveCPracticeAlgoManager.h */,
				D97E61051B7929F80057FA02 /* ObjectiveCPracticeAlgoManager.m */,
			);
			name = Practice;
			path = FizzBuzz;
			sourceTree = "<group>";
		};
/* End PBXGroup section */

/* Begin PBXNativeTarget section */
		D97E60F91B7923F50057FA02 /* ObjetiveCPracticeAlgorithms */ = {
			isa = PBXNativeTarget;
			buildConfigurationList = D97E61011B7923F50057FA02 /* Build configuration list for PBXNativeTarget "ObjetiveCPracticeAlgorithms" */;
			buildPhases = (
				D97E60F61B7923F50057FA02 /* Sources */,
				D97E60F71B7923F50057FA02 /* Frameworks */,
				D97E60F81B7923F50057FA02 /* CopyFiles */,
			);
			buildRules = (
			);
			dependencies = (
			);
			name = ObjetiveCPracticeAlgorithms;
			productName = FizzBuzz;
			productReference = D97E60FA1B7923F50057FA02 /* ObjetiveCPracticeAlgorithms */;
			productType = "com.apple.product-type.tool";
		};
/* End PBXNativeTarget section */

/* Begin PBXProject section */
		D97E60F21B7923F50057FA02 /* Project object */ = {
			isa = PBXProject;
			attributes = {
				LastUpgradeCheck = 0640;
				ORGANIZATIONNAME = "Terry Bu";
				TargetAttributes = {
					D97E60F91B7923F50057FA02 = {
						CreatedOnToolsVersion = 6.4;
					};
				};
			};
			buildConfigurationList = D97E60F51B7923F50057FA02 /* Build configuration list for PBXProject "ObjetiveCPracticeAlgorithms" */;
			compatibilityVersion = "Xcode 3.2";
			developmentRegion = English;
			hasScannedForEncodings = 0;
			knownRegions = (
				en,
			);
			mainGroup = D97E60F11B7923F50057FA02;
			productRefGroup = D97E60FB1B7923F50057FA02 /* Products */;
			projectDirPath = "";
			projectRoot = "";
			targets = (
				D97E60F91B7923F50057FA02 /* ObjetiveCPracticeAlgorithms */,
			);
		};
/* End PBXProject section */

/* Begin PBXSourcesBuildPhase section */
		D97E60F61B7923F50057FA02 /* Sources */ = {
			isa = PBXSourcesBuildPhase;
			buildActionMask = 2147483647;
			files = (
				D97E60FE1B7923F50057FA02 /* main.m in Sources */,
				D97E61061B7929F80057FA02 /* ObjectiveCPracticeAlgoManager.m in Sources */,
			);
			runOnlyForDeploymentPostprocessing = 0;
		};
/* End PBXSourcesBuildPhase section */

/* Begin XCBuildConfiguration section */
		D97E60FF1B7923F50057FA02 /* Debug */ = {
			isa = XCBuildConfiguration;
			buildSettings = {
				ALWAYS_SEARCH_USER_PATHS = NO;
				CLANG_CXX_LANGUAGE_STANDARD = "gnu++0x";
				CLANG_CXX_LIBRARY = "libc++";
				CLANG_ENABLE_MODULES = YES;
				CLANG_ENABLE_OBJC_ARC = YES;
				CLANG_WARN_BOOL_CONVERSION = YES;
				CLANG_WARN_CONSTANT_CONVERSION = YES;
				CLANG_WARN_DIRECT_OBJC_ISA_USAGE = YES_ERROR;
				CLANG_WARN_EMPTY_BODY = YES;
				CLANG_WARN_ENUM_CONVERSION = YES;
				CLANG_WARN_INT_CONVERSION = YES;
				CLANG_WARN_OBJC_ROOT_CLASS = YES_ERROR;
				CLANG_WARN_UNREACHABLE_CODE = YES;
				CLANG_WARN__DUPLICATE_METHOD_MATCH = YES;
				COPY_PHASE_STRIP = NO;
				DEBUG_INFORMATION_FORMAT = dwarf;
				ENABLE_STRICT_OBJC_MSGSEND = YES;
				GCC_C_LANGUAGE_STANDARD = gnu99;
				GCC_DYNAMIC_NO_PIC = NO;
				GCC_NO_COMMON_BLOCKS = YES;
				GCC_OPTIMIZATION_LEVEL = 0;
				GCC_PREPROCESSOR_DEFINITIONS = (
					"DEBUG=1",
					"$(inherited)",
				);
				GCC_SYMBOLS_PRIVATE_EXTERN = NO;
				GCC_WARN_64_TO_32_BIT_CONVERSION = YES;
				GCC_WARN_ABOUT_RETURN_TYPE = YES_ERROR;
				GCC_WARN_UNDECLARED_SELECTOR = YES;
				GCC_WARN_UNINITIALIZED_AUTOS = YES_AGGRESSIVE;
				GCC_WARN_UNUSED_FUNCTION = YES;
				GCC_WARN_UNUSED_VARIABLE = YES;
				MACOSX_DEPLOYMENT_TARGET = 10.10;
				MTL_ENABLE_DEBUG_INFO = YES;
				ONLY_ACTIVE_ARCH = YES;
				SDKROOT = macosx;
			};
			name = Debug;
		};
		D97E61001B7923F50057FA02 /* Release */ = {
			isa = XCBuildConfiguration;
			buildSettings = {
				ALWAYS_SEARCH_USER_PATHS = NO;
				CLANG_CXX_LANGUAGE_STANDARD = "gnu++0x";
				CLANG_CXX_LIBRARY = "libc++";
				CLANG_ENABLE_MODULES = YES;
				CLANG_ENABLE_OBJC_ARC = YES;
				CLANG_WARN_BOOL_CONVERSION = YES;
				CLANG_WARN_CONSTANT_CONVERSION = YES;
				CLANG_WARN_DIRECT_OBJC_ISA_USAGE = YES_ERROR;
				CLANG_WARN_EMPTY_BODY = YES;
				CLANG_WARN_ENUM_CONVERSION = YES;
				CLANG_WARN_INT_CONVERSION = YES;
				CLANG_WARN_OBJC_ROOT_CLASS = YES_ERROR;
				CLANG_WARN_UNREACHABLE_CODE = YES;
				CLANG_WARN__DUPLICATE_METHOD_MATCH = YES;
				COPY_PHASE_STRIP = NO;
				DEBUG_INFORMATION_FORMAT = "dwarf-with-dsym";
				ENABLE_NS_ASSERTIONS = NO;
				ENABLE_STRICT_OBJC_MSGSEND = YES;
				GCC_C_LANGUAGE_STANDARD = gnu99;
				GCC_NO_COMMON_BLOCKS = YES;
				GCC_WARN_64_TO_32_BIT_CONVERSION = YES;
				GCC_WARN_ABOUT_RETURN_TYPE = YES_ERROR;
				GCC_WARN_UNDECLARED_SELECTOR = YES;
				GCC_WARN_UNINITIALIZED_AUTOS = YES_AGGRESSIVE;
				GCC_WARN_UNUSED_FUNCTION = YES;
				GCC_WARN_UNUSED_VARIABLE = YES;
				MACOSX_DEPLOYMENT_TARGET = 10.10;
				MTL_ENABLE_DEBUG_INFO = NO;
				SDKROOT = macosx;
			};
			name = Release;
		};
		D97E61021B7923F50057FA02 /* Debug */ = {
			isa = XCBuildConfiguration;
			buildSettings = {
				PRODUCT_NAME = ObjetiveCPracticeAlgorithms;
			};
			name = Debug;
		};
		D97E61031B7923F50057FA02 /* Release */ = {
			isa = XCBuildConfiguration;
			buildSettings = {
				PRODUCT_NAME = ObjetiveCPracticeAlgorithms;
			};
			name = Release;
		};
/* End XCBuildConfiguration section */

/* Begin XCConfigurationList section */
		D97E60F51B7923F50057FA02 /* Build configuration list for PBXProject "ObjetiveCPracticeAlgorithms" */ = {
			isa = XCConfigurationList;
			buildConfigurations = (
				D97E60FF1B7923F50057FA02 /* Debug */,
				D97E61001B7923F50057FA02 /* Release */,
			);
			defaultConfigurationIsVisible = 0;
			defaultConfigurationName = Release;
		};
		D97E61011B7923F50057FA02 /* Build configuration list for PBXNativeTarget "ObjetiveCPracticeAlgorithms" */ = {
			isa = XCConfigurationList;
			buildConfigurations = (
				D97E61021B7923F50057FA02 /* Debug */,
				D97E61031B7923F50057FA02 /* Release */,
			);
			defaultConfigurationIsVisible = 0;
			defaultConfigurationName = Release;
		};
/* End XCConfigurationList section */
	};
	rootObject = D97E60F21B7923F50057FA02 /* Project object */;
}
